
Microsoft Visual Studio Solution File, Format Version 12.00
# Visual Studio Version 17
VisualStudioVersion = 17.7.34018.315
MinimumVisualStudioVersion = 10.0.40219.1
Project("{8BC9CEB8-8B4A-11D0-8D11-00A0C91BC942}") = "BOJ_1202", "BOJ_1202\BOJ_1202.vcxproj", "{5EBB79C3-36B8-4A48-9210-49199DF75414}"
EndProject
Global
	GlobalSection(SolutionConfigurationPlatforms) = preSolution
		Debug|x64 = Debug|x64
		Release|x64 = Release|x64
	EndGlobalSection
	GlobalSection(ProjectConfigurationPlatforms) = postSolution
		{5EBB79C3-36B8-4A48-9210-49199DF75414}.Debug|x64.ActiveCfg = Debug|x64
		{5EBB79C3-36B8-4A48-9210-49199DF75414}.Debug|x64.Build.0 = Debug|x64
		{5EBB79C3-36B8-4A48-9210-49199DF75414}.Release|x64.ActiveCfg = Release|x64
		{5EBB79C3-36B8-4A48-9210-49199DF75414}.Release|x64.Build.0 = Release|x64
	EndGlobalSection
	GlobalSection(SolutionProperties) = preSolution
		HideSolutionNode = FALSE
	EndGlobalSection
	GlobalSection(ExtensibilityGlobals) = postSolution
		SolutionGuid = {85A368F4-C1C5-4467-98B5-A48247634108}
	EndGlobalSection
EndGlobal
